
Microsoft Visual Studio Solution File, Format Version 12.00
# Visual Studio Version 17
VisualStudioVersion = 17.9.34728.123
MinimumVisualStudioVersion = 10.0.40219.1
Project("{9A19103F-16F7-4668-BE54-9A1E7A4F7556}") = "ImportOptimiseExport", "ImportOptimiseExport.csproj", "{17025DAA-A491-4612-B9FE-EC84A85436F1}"
EndProject
Global
	GlobalSection(SolutionConfigurationPlatforms) = preSolution
		Debug|Any CPU = Debug|Any CPU
		Release|Any CPU = Release|Any CPU
	EndGlobalSection
	GlobalSection(ProjectConfigurationPlatforms) = postSolution
		{17025DAA-A491-4612-B9FE-EC84A85436F1}.Debug|Any CPU.ActiveCfg = Debug|Any CPU
		{17025DAA-A491-4612-B9FE-EC84A85436F1}.Debug|Any CPU.Build.0 = Debug|Any CPU
		{17025DAA-A491-4612-B9FE-EC84A85436F1}.Release|Any CPU.ActiveCfg = Release|Any CPU
		{17025DAA-A491-4612-B9FE-EC84A85436F1}.Release|Any CPU.Build.0 = Release|Any CPU
	EndGlobalSection
	GlobalSection(SolutionProperties) = preSolution
		HideSolutionNode = FALSE
	EndGlobalSection
	GlobalSection(ExtensibilityGlobals) = postSolution
		SolutionGuid = {89105A4A-78D1-4B36-B961-639B2216DFBD}
	EndGlobalSection
EndGlobal
